
Microsoft Visual Studio Solution File, Format Version 12.00
# Visual Studio Version 17
VisualStudioVersion = 17.8.34330.188
MinimumVisualStudioVersion = 10.0.40219.1
Project("{FAE04EC0-301F-11D3-BF4B-00C04F79EFBC}") = "backend_pt", "backend_pt\backend_pt.csproj", "{B4B39488-4366-498B-83E4-D23404439E05}"
EndProject
Global
	GlobalSection(SolutionConfigurationPlatforms) = preSolution
		Debug|Any CPU = Debug|Any CPU
		Release|Any CPU = Release|Any CPU
	EndGlobalSection
	GlobalSection(ProjectConfigurationPlatforms) = postSolution
		{B4B39488-4366-498B-83E4-D23404439E05}.Debug|Any CPU.ActiveCfg = Debug|Any CPU
		{B4B39488-4366-498B-83E4-D23404439E05}.Debug|Any CPU.Build.0 = Debug|Any CPU
		{B4B39488-4366-498B-83E4-D23404439E05}.Release|Any CPU.ActiveCfg = Release|Any CPU
		{B4B39488-4366-498B-83E4-D23404439E05}.Release|Any CPU.Build.0 = Release|Any CPU
	EndGlobalSection
	GlobalSection(SolutionProperties) = preSolution
		HideSolutionNode = FALSE
	EndGlobalSection
	GlobalSection(ExtensibilityGlobals) = postSolution
		SolutionGuid = {228F03C8-B3C6-42FB-9A17-72DB394E5092}
	EndGlobalSection
EndGlobal
